
Microsoft Visual Studio Solution File, Format Version 12.00
# Visual Studio Version 16
VisualStudioVersion = 16.0.30128.74
MinimumVisualStudioVersion = 10.0.40219.1
Project("{FAE04EC0-301F-11D3-BF4B-00C04F79EFBC}") = "MeemME.MVC", "MeemME.MVC\MeemME.MVC.csproj", "{41EB3464-594B-4CC6-BE30-C8FA803C03EB}"
EndProject
Project("{FAE04EC0-301F-11D3-BF4B-00C04F79EFBC}") = "MeemME.Data", "MeemME.Data\MeemME.Data.csproj", "{AFF11E57-CBB6-4533-9EB8-7D17426FB43F}"
EndProject
Project("{FAE04EC0-301F-11D3-BF4B-00C04F79EFBC}") = "MeemME.Models", "MeemME.Models\MeemME.Models.csproj", "{B7A342C3-4B1C-4E36-99A3-1F3FF6AFA23F}"
EndProject
Project("{FAE04EC0-301F-11D3-BF4B-00C04F79EFBC}") = "MeemME.Services", "MeemME.Services\MeemME.Services.csproj", "{0D45422A-2505-4DA7-A36B-E7A534E85CB8}"
EndProject
Global
	GlobalSection(SolutionConfigurationPlatforms) = preSolution
		Debug|Any CPU = Debug|Any CPU
		Release|Any CPU = Release|Any CPU
	EndGlobalSection
	GlobalSection(ProjectConfigurationPlatforms) = postSolution
		{41EB3464-594B-4CC6-BE30-C8FA803C03EB}.Debug|Any CPU.ActiveCfg = Debug|Any CPU
		{41EB3464-594B-4CC6-BE30-C8FA803C03EB}.Debug|Any CPU.Build.0 = Debug|Any CPU
		{41EB3464-594B-4CC6-BE30-C8FA803C03EB}.Release|Any CPU.ActiveCfg = Release|Any CPU
		{41EB3464-594B-4CC6-BE30-C8FA803C03EB}.Release|Any CPU.Build.0 = Release|Any CPU
		{AFF11E57-CBB6-4533-9EB8-7D17426FB43F}.Debug|Any CPU.ActiveCfg = Debug|Any CPU
		{AFF11E57-CBB6-4533-9EB8-7D17426FB43F}.Debug|Any CPU.Build.0 = Debug|Any CPU
		{AFF11E57-CBB6-4533-9EB8-7D17426FB43F}.Release|Any CPU.ActiveCfg = Release|Any CPU
		{AFF11E57-CBB6-4533-9EB8-7D17426FB43F}.Release|Any CPU.Build.0 = Release|Any CPU
		{B7A342C3-4B1C-4E36-99A3-1F3FF6AFA23F}.Debug|Any CPU.ActiveCfg = Debug|Any CPU
		{B7A342C3-4B1C-4E36-99A3-1F3FF6AFA23F}.Debug|Any CPU.Build.0 = Debug|Any CPU
		{B7A342C3-4B1C-4E36-99A3-1F3FF6AFA23F}.Release|Any CPU.ActiveCfg = Release|Any CPU
		{B7A342C3-4B1C-4E36-99A3-1F3FF6AFA23F}.Release|Any CPU.Build.0 = Release|Any CPU
		{0D45422A-2505-4DA7-A36B-E7A534E85CB8}.Debug|Any CPU.ActiveCfg = Debug|Any CPU
		{0D45422A-2505-4DA7-A36B-E7A534E85CB8}.Debug|Any CPU.Build.0 = Debug|Any CPU
		{0D45422A-2505-4DA7-A36B-E7A534E85CB8}.Release|Any CPU.ActiveCfg = Release|Any CPU
		{0D45422A-2505-4DA7-A36B-E7A534E85CB8}.Release|Any CPU.Build.0 = Release|Any CPU
	EndGlobalSection
	GlobalSection(SolutionProperties) = preSolution
		HideSolutionNode = FALSE
	EndGlobalSection
	GlobalSection(ExtensibilityGlobals) = postSolution
		SolutionGuid = {CDC8614E-2B6C-480C-9382-EFEE1AEF8996}
	EndGlobalSection
EndGlobal
